<?xml version="1.0" encoding="utf-8"?>
<Project ToolsVersion="4.0" xmlns="http://schemas.microsoft.com/developer/msbuild/2003">
  <ItemGroup>
    <Filter Include="Исходные файлы">
      <UniqueIdentifier>{4FC737F1-C7A5-4376-A066-2A32D752A2FF}</UniqueIdentifier>
      <Extensions>cpp;c;cc;cxx;c++;cppm;ixx;def;odl;idl;hpj;bat;asm;asmx</Extensions>
    </Filter>
    <Filter Include="Файлы заголовков">
      <UniqueIdentifier>{93995380-89BD-4b04-88EB-625FBE52EBFB}</UniqueIdentifier>
      <Extensions>h;hh;hpp;hxx;h++;hm;inl;inc;ipp;xsd</Extensions>
    </Filter>
    <Filter Include="Файлы ресурсов">
      <UniqueIdentifier>{67DA6AB6-F800-4c08-8B7A-83BB121AAD01}</UniqueIdentifier>
      <Extensions>rc;ico;cur;bmp;dlg;rc2;rct;bin;rgs;gif;jpg;jpeg;jpe;resx;tiff;tif;png;wav;mfcribbon-ms</Extensions>
    </Filter>
    <Filter Include="Injector">
      <UniqueIdentifier>{f9537437-afa0-4358-a738-1086374a49b7}</UniqueIdentifier>
    </Filter>
    <Filter Include="Injector\Исходные файлы">
      <UniqueIdentifier>{d603b009-51bc-48b5-b1b3-6065c8609b13}</UniqueIdentifier>
    </Filter>
    <Filter Include="Injector\Файлы заголовков">
      <UniqueIdentifier>{a8e1965c-dcf9-47e6-a2c8-7c2168657d8a}</UniqueIdentifier>
    </Filter>
    <Filter Include="Injector2">
      <UniqueIdentifier>{911fdbf3-e5ca-4d06-8860-4c92bd44001a}</UniqueIdentifier>
    </Filter>
    <Filter Include="Injector2\Исходные файлы">
      <UniqueIdentifier>{5d77b954-40b1-4a92-9e68-5d6b4907d72f}</UniqueIdentifier>
    </Filter>
    <Filter Include="Injector2\Файлы заголовков">
      <UniqueIdentifier>{af636e26-ac58-4939-8399-7c8b4067471d}</UniqueIdentifier>
    </Filter>
  </ItemGroup>
  <ItemGroup>
    <ClCompile Include="KeyloggerService.cpp">
      <Filter>Исходные файлы</Filter>
    </ClCompile>
    <ClCompile Include="WorkerThread.cpp">
      <Filter>Исходные файлы</Filter>
    </ClCompile>
    <ClCompile Include="KeyResolver.cpp">
      <Filter>Исходные файлы</Filter>
    </ClCompile>
    <ClCompile Include="KeyConstants.cpp">
      <Filter>Исходные файлы</Filter>
    </ClCompile>
    <ClCompile Include="WordProcessor.cpp">
      <Filter>Исходные файлы</Filter>
    </ClCompile>
    <ClCompile Include="WindowInfo.cpp">
      <Filter>Исходные файлы</Filter>
    </ClCompile>
    <ClCompile Include="NullGuardProcessor.cpp">
      <Filter>Исходные файлы</Filter>
    </ClCompile>
    <ClCompile Include="HookThread.cpp">
      <Filter>Исходные файлы</Filter>
    </ClCompile>
    <ClCompile Include="injector\fileutils.cpp">
      <Filter>Injector\Исходные файлы</Filter>
    </ClCompile>
    <ClCompile Include="injector\InjectDll.cpp">
      <Filter>Injector\Исходные файлы</Filter>
    </ClCompile>
    <ClCompile Include="injector\process.cpp">
      <Filter>Injector\Исходные файлы</Filter>
    </ClCompile>
    <ClCompile Include="injector\wow64.cpp">
      <Filter>Injector\Исходные файлы</Filter>
    </ClCompile>
    <ClCompile Include="WindowsPipe.cpp">
      <Filter>Исходные файлы</Filter>
    </ClCompile>
    <ClCompile Include="IcuGuardProcessor.cpp">
      <Filter>Исходные файлы</Filter>
    </ClCompile>
    <ClCompile Include="RawGuardProcessor.cpp">
      <Filter>Исходные файлы</Filter>
    </ClCompile>
    <ClCompile Include="defines.cpp">
      <Filter>Исходные файлы</Filter>
    </ClCompile>
    <ClCompile Include="injector2\CreateRemoteThread.cpp">
      <Filter>Injector2\Исходные файлы</Filter>
    </ClCompile>
    <ClCompile Include="injector2\GetOperatingSystemInfo.cpp">
      <Filter>Injector2\Исходные файлы</Filter>
    </ClCompile>
    <ClCompile Include="injector2\NtCreateThreadEx.cpp">
      <Filter>Injector2\Исходные файлы</Filter>
    </ClCompile>
    <ClCompile Include="injector2\QueueUserAPC.cpp">
      <Filter>Injector2\Исходные файлы</Filter>
    </ClCompile>
    <ClCompile Include="injector2\RaiseToSystemLevel.cpp">
      <Filter>Injector2\Исходные файлы</Filter>
    </ClCompile>
    <ClCompile Include="injector2\RtlCreateUserThread.cpp">
      <Filter>Injector2\Исходные файлы</Filter>
    </ClCompile>
    <ClCompile Include="injector2\SetWindowsHookEx.cpp">
      <Filter>Injector2\Исходные файлы</Filter>
    </ClCompile>
    <ClCompile Include="injector2\Injector.cpp">
      <Filter>Injector2\Исходные файлы</Filter>
    </ClCompile>
  </ItemGroup>
  <ItemGroup>
    <ClInclude Include="KeyloggerService.h">
      <Filter>Файлы заголовков</Filter>
    </ClInclude>
    <ClInclude Include="AdapterWorker.h">
      <Filter>Файлы заголовков</Filter>
    </ClInclude>
    <ClInclude Include="WorkerThread.h">
      <Filter>Файлы заголовков</Filter>
    </ClInclude>
    <ClInclude Include="defines.h">
      <Filter>Файлы заголовков</Filter>
    </ClInclude>
    <ClInclude Include="KeyResolver.h">
      <Filter>Файлы заголовков</Filter>
    </ClInclude>
    <ClInclude Include="resource.h">
      <Filter>Файлы заголовков</Filter>
    </ClInclude>
    <ClInclude Include="IKeyResolver.h">
      <Filter>Файлы заголовков</Filter>
    </ClInclude>
    <ClInclude Include="KeyConstants.h">
      <Filter>Файлы заголовков</Filter>
    </ClInclude>
    <ClInclude Include="IWordProcessor.h">
      <Filter>Файлы заголовков</Filter>
    </ClInclude>
    <ClInclude Include="WordProcessor.h">
      <Filter>Файлы заголовков</Filter>
    </ClInclude>
    <ClInclude Include="WindowInfo.h">
      <Filter>Файлы заголовков</Filter>
    </ClInclude>
    <ClInclude Include="IGuardProcessor.h">
      <Filter>Файлы заголовков</Filter>
    </ClInclude>
    <ClInclude Include="NullGuardProcessor.h">
      <Filter>Файлы заголовков</Filter>
    </ClInclude>
    <ClInclude Include="HookThread.h">
      <Filter>Файлы заголовков</Filter>
    </ClInclude>
    <ClInclude Include="injector\InjectDll.h">
      <Filter>Injector\Файлы заголовков</Filter>
    </ClInclude>
    <ClInclude Include="injector\loaders.h">
      <Filter>Injector\Файлы заголовков</Filter>
    </ClInclude>
    <ClInclude Include="WindowsPipe.h">
      <Filter>Файлы заголовков</Filter>
    </ClInclude>
    <ClInclude Include="IcuGuardProcessor.h">
      <Filter>Файлы заголовков</Filter>
    </ClInclude>
    <ClInclude Include="RawGuardProcessor.h">
      <Filter>Файлы заголовков</Filter>
    </ClInclude>
    <ClInclude Include="injector2\Injector.h">
      <Filter>Injector2\Файлы заголовков</Filter>
    </ClInclude>
  </ItemGroup>
</Project>