<?xml version="1.0" encoding="utf-8"?>
<Project ToolsVersion="4.0" xmlns="http://schemas.microsoft.com/developer/msbuild/2003">
  <ItemGroup>
    <Filter Include="Исходные файлы">
      <UniqueIdentifier>{4FC737F1-C7A5-4376-A066-2A32D752A2FF}</UniqueIdentifier>
      <Extensions>cpp;c;cc;cxx;c++;cppm;ixx;def;odl;idl;hpj;bat;asm;asmx</Extensions>
    </Filter>
    <Filter Include="Файлы заголовков">
      <UniqueIdentifier>{93995380-89BD-4b04-88EB-625FBE52EBFB}</UniqueIdentifier>
      <Extensions>h;hh;hpp;hxx;h++;hm;inl;inc;ipp;xsd</Extensions>
    </Filter>
    <Filter Include="Файлы ресурсов">
      <UniqueIdentifier>{67DA6AB6-F800-4c08-8B7A-83BB121AAD01}</UniqueIdentifier>
      <Extensions>rc;ico;cur;bmp;dlg;rc2;rct;bin;rgs;gif;jpg;jpeg;jpe;resx;tiff;tif;png;wav;mfcribbon-ms</Extensions>
    </Filter>
    <Filter Include="Injector">
      <UniqueIdentifier>{7edb363c-bd77-4d7c-ba4f-e0fd53aa1a91}</UniqueIdentifier>
    </Filter>
    <Filter Include="Injector\Исходные файлы">
      <UniqueIdentifier>{94cf5e9a-6be1-4d57-8122-013ab5b99d39}</UniqueIdentifier>
    </Filter>
    <Filter Include="Injector\Файлы заголовков">
      <UniqueIdentifier>{4814d32e-0685-4e52-a3c5-c58d9f4ad16d}</UniqueIdentifier>
    </Filter>
  </ItemGroup>
  <ItemGroup>
    <ClCompile Include="SpyService.cpp">
      <Filter>Исходные файлы</Filter>
    </ClCompile>
    <ClCompile Include="injector\InjectDll.cpp">
      <Filter>Injector\Исходные файлы</Filter>
    </ClCompile>
    <ClCompile Include="injector\process.cpp">
      <Filter>Injector\Исходные файлы</Filter>
    </ClCompile>
    <ClCompile Include="injector\readfile.cpp">
      <Filter>Injector\Исходные файлы</Filter>
    </ClCompile>
    <ClCompile Include="injector\wow64.cpp">
      <Filter>Injector\Исходные файлы</Filter>
    </ClCompile>
    <ClCompile Include="WorkerThread.cpp">
      <Filter>Исходные файлы</Filter>
    </ClCompile>
    <ClCompile Include="injector\fileutils.cpp">
      <Filter>Injector\Исходные файлы</Filter>
    </ClCompile>
    <ClCompile Include="CommandProcessor.cpp">
      <Filter>Исходные файлы</Filter>
    </ClCompile>
  </ItemGroup>
  <ItemGroup>
    <ClInclude Include="SpyService.h">
      <Filter>Файлы заголовков</Filter>
    </ClInclude>
    <ClInclude Include="injector\InjectDll.h">
      <Filter>Injector\Файлы заголовков</Filter>
    </ClInclude>
    <ClInclude Include="injector\loaders.h">
      <Filter>Injector\Файлы заголовков</Filter>
    </ClInclude>
    <ClInclude Include="WorkerThread.h">
      <Filter>Файлы заголовков</Filter>
    </ClInclude>
    <ClInclude Include="CommandProcessor.h">
      <Filter>Файлы заголовков</Filter>
    </ClInclude>
    <ClInclude Include="ICommandProcessor.h">
      <Filter>Файлы заголовков</Filter>
    </ClInclude>
    <ClInclude Include="AdapterWorker.h">
      <Filter>Файлы заголовков</Filter>
    </ClInclude>
  </ItemGroup>
</Project>